
Microsoft Visual Studio Solution File, Format Version 12.00
# Visual Studio Version 17
VisualStudioVersion = 17.8.34511.84
MinimumVisualStudioVersion = 10.0.40219.1
Project("{FAE04EC0-301F-11D3-BF4B-00C04F79EFBC}") = "EFCRUD", "EFCRUD\EFCRUD.csproj", "{10A116F8-2891-47CA-A184-199BCB9DC8EA}"
EndProject
Global
	GlobalSection(SolutionConfigurationPlatforms) = preSolution
		Debug|Any CPU = Debug|Any CPU
		Release|Any CPU = Release|Any CPU
	EndGlobalSection
	GlobalSection(ProjectConfigurationPlatforms) = postSolution
		{10A116F8-2891-47CA-A184-199BCB9DC8EA}.Debug|Any CPU.ActiveCfg = Debug|Any CPU
		{10A116F8-2891-47CA-A184-199BCB9DC8EA}.Debug|Any CPU.Build.0 = Debug|Any CPU
		{10A116F8-2891-47CA-A184-199BCB9DC8EA}.Release|Any CPU.ActiveCfg = Release|Any CPU
		{10A116F8-2891-47CA-A184-199BCB9DC8EA}.Release|Any CPU.Build.0 = Release|Any CPU
	EndGlobalSection
	GlobalSection(SolutionProperties) = preSolution
		HideSolutionNode = FALSE
	EndGlobalSection
	GlobalSection(ExtensibilityGlobals) = postSolution
		SolutionGuid = {8EBE6D69-0A8C-4B3C-9D1E-BE0F5DCB0DC2}
	EndGlobalSection
EndGlobal
